
Microsoft Visual Studio Solution File, Format Version 12.00
# Visual Studio 15
VisualStudioVersion = 15.0.27004.2009
MinimumVisualStudioVersion = 10.0.40219.1
Project("{FAE04EC0-301F-11D3-BF4B-00C04F79EFBC}") = "Pandia", "Pandia\Pandia.csproj", "{301A7183-29F7-4883-AAD3-6C539FD4F9FE}"
EndProject
Global
	GlobalSection(SolutionConfigurationPlatforms) = preSolution
		Debug|Any CPU = Debug|Any CPU
		Release|Any CPU = Release|Any CPU
	EndGlobalSection
	GlobalSection(ProjectConfigurationPlatforms) = postSolution
		{301A7183-29F7-4883-AAD3-6C539FD4F9FE}.Debug|Any CPU.ActiveCfg = Debug|Any CPU
		{301A7183-29F7-4883-AAD3-6C539FD4F9FE}.Debug|Any CPU.Build.0 = Debug|Any CPU
		{301A7183-29F7-4883-AAD3-6C539FD4F9FE}.Release|Any CPU.ActiveCfg = Release|Any CPU
		{301A7183-29F7-4883-AAD3-6C539FD4F9FE}.Release|Any CPU.Build.0 = Release|Any CPU
	EndGlobalSection
	GlobalSection(SolutionProperties) = preSolution
		HideSolutionNode = FALSE
	EndGlobalSection
	GlobalSection(ExtensibilityGlobals) = postSolution
		SolutionGuid = {01673AF4-9F42-4F82-BF83-38825BBAFABD}
	EndGlobalSection
EndGlobal
